hash: c7707b09ef7fcbca4f964e5a98acc97e66676ad64df80a633feaf874f919bb36
updated: 2019-01-16T17:22:59.924848+08:00
imports:
- name: github.com/qiniu/api.v7
  version: bc6998c1186aafa0eadc6396d28fc7e77a594a2a
  subpackages:
  - auth/qbox
  - conf
  - storage
- name: github.com/qiniu/x
  version: f512abcf45ab4e2ba0fd4784c57b53d495997d66
  subpackages:
  - bytes.v7
  - bytes.v7/seekable
  - reqid.v7
  - xlog.v7
- name: golang.org/x/net
  version: 915654e7eabcea33ae277abbecf52f0d8b7a9fdc
  subpackages:
  - context
- name: qiniupkg.com/x
  version: f512abcf45ab4e2ba0fd4784c57b53d495997d66
  subpackages:
  - bytes.v7
  - log.v7
  - reqid.v7
testImports: []
